
Microsoft Visual Studio Solution File, Format Version 12.00
# Visual Studio Version 17
VisualStudioVersion = 17.0.31903.59
MinimumVisualStudioVersion = 10.0.40219.1
Project("{FAE04EC0-301F-11D3-BF4B-00C04F79EFBC}") = "ExternalUserService", "ExternalUserService\ExternalUserService.csproj", "{B47F5C60-E2F5-427E-9D74-5EBB3F4ACFA7}"
EndProject
Project("{FAE04EC0-301F-11D3-BF4B-00C04F79EFBC}") = "ExternalUserService.Tests", "ExternalUserService.Tests\ExternalUserService.Tests.csproj", "{352D8DCE-204C-418E-89CD-F48D8FE57806}"
EndProject
Project("{FAE04EC0-301F-11D3-BF4B-00C04F79EFBC}") = "ConsoleAppDemo", "ConsoleAppDemo\ConsoleAppDemo.csproj", "{0980E57E-A5BF-43B7-A725-87FD410A5999}"
EndProject
Global
	GlobalSection(SolutionConfigurationPlatforms) = preSolution
		Debug|Any CPU = Debug|Any CPU
		Release|Any CPU = Release|Any CPU
	EndGlobalSection
	GlobalSection(SolutionProperties) = preSolution
		HideSolutionNode = FALSE
	EndGlobalSection
	GlobalSection(ProjectConfigurationPlatforms) = postSolution
		{B47F5C60-E2F5-427E-9D74-5EBB3F4ACFA7}.Debug|Any CPU.ActiveCfg = Debug|Any CPU
		{B47F5C60-E2F5-427E-9D74-5EBB3F4ACFA7}.Debug|Any CPU.Build.0 = Debug|Any CPU
		{B47F5C60-E2F5-427E-9D74-5EBB3F4ACFA7}.Release|Any CPU.ActiveCfg = Release|Any CPU
		{B47F5C60-E2F5-427E-9D74-5EBB3F4ACFA7}.Release|Any CPU.Build.0 = Release|Any CPU
		{352D8DCE-204C-418E-89CD-F48D8FE57806}.Debug|Any CPU.ActiveCfg = Debug|Any CPU
		{352D8DCE-204C-418E-89CD-F48D8FE57806}.Debug|Any CPU.Build.0 = Debug|Any CPU
		{352D8DCE-204C-418E-89CD-F48D8FE57806}.Release|Any CPU.ActiveCfg = Release|Any CPU
		{352D8DCE-204C-418E-89CD-F48D8FE57806}.Release|Any CPU.Build.0 = Release|Any CPU
		{0980E57E-A5BF-43B7-A725-87FD410A5999}.Debug|Any CPU.ActiveCfg = Debug|Any CPU
		{0980E57E-A5BF-43B7-A725-87FD410A5999}.Debug|Any CPU.Build.0 = Debug|Any CPU
		{0980E57E-A5BF-43B7-A725-87FD410A5999}.Release|Any CPU.ActiveCfg = Release|Any CPU
		{0980E57E-A5BF-43B7-A725-87FD410A5999}.Release|Any CPU.Build.0 = Release|Any CPU
	EndGlobalSection
EndGlobal
